{
  "name": "db-to-graphql",
  "version": "0.1.0",
  "lockfileVersion": 1,
  "requires": true,
  "dependencies": {
    "graphql": {
      "version": "0.13.0",
      "resolved": "https://registry.npmjs.org/graphql/-/graphql-0.13.0.tgz",
      "integrity": "sha512-WlO+ZJT9aY3YrBT+H5Kk+eVb3OVVehB9iRD/xqeHdmrrn4AFl5FIcOpfHz/vnBr6Y6JthGMlnFqU8XRnDjSR7A==",
      "requires": {
        "iterall": "1.1.4"
      }
    },
    "iterall": {
      "version": "1.1.4",
      "resolved": "https://registry.npmjs.org/iterall/-/iterall-1.1.4.tgz",
      "integrity": "sha512-eaDsM/PY8D/X5mYQhecVc5/9xvSHED7yPON+ffQroBeTuqUVm7dfphMkK8NksXuImqZlVRoKtrNfMIVCYIqaUQ=="
    },
    "lodash": {
      "version": "4.17.5",
      "resolved": "https://registry.npmjs.org/lodash/-/lodash-4.17.5.tgz",
      "integrity": "sha512-svL3uiZf1RwhH+cWrfZn3A4+U58wbP0tGVTLQPbjplZxZ8ROD9VLuNgsRniTlLe7OlSqR79RUehXgpBW/s0IQw=="
    },
    "oracledb": {
      "version": "2.0.15",
      "resolved": "https://registry.npmjs.org/oracledb/-/oracledb-2.0.15.tgz",
      "integrity": "sha1-9+IBtp+ngjUIFV6fNKumXVdCbx0="
    }
  }
}
